
Microsoft Visual Studio Solution File, Format Version 12.00
Project("{FAE04EC0-301F-11D3-BF4B-00C04F79EFBC}") = "backend", "backend\backend.csproj", "{648F43D7-94AB-4171-A510-F22D75E18141}"
EndProject
Global
	GlobalSection(SolutionConfigurationPlatforms) = preSolution
		Debug|Any CPU = Debug|Any CPU
		Release|Any CPU = Release|Any CPU
	EndGlobalSection
	GlobalSection(ProjectConfigurationPlatforms) = postSolution
		{648F43D7-94AB-4171-A510-F22D75E18141}.Debug|Any CPU.ActiveCfg = Debug|Any CPU
		{648F43D7-94AB-4171-A510-F22D75E18141}.Debug|Any CPU.Build.0 = Debug|Any CPU
		{648F43D7-94AB-4171-A510-F22D75E18141}.Release|Any CPU.ActiveCfg = Release|Any CPU
		{648F43D7-94AB-4171-A510-F22D75E18141}.Release|Any CPU.Build.0 = Release|Any CPU
	EndGlobalSection
EndGlobal
